{
  "name": "begin-app-get-foo",
  "requires": true,
  "lockfileVersion": 1,
  "dependencies": {
    "@architect/parser": {
      "version": "2.1.5",
      "resolved": "https://registry.npmjs.org/@architect/parser/-/parser-2.1.5.tgz",
      "integrity": "sha512-EJldxUX+HT63WWKYiFDkcuz/fF/GpToQCzfD010/X4XVSVh4CiwTRy6ZpV/kUmZKYdBgjoZbySryxteigYDMSA=="
    },
    "@begin/data": {
      "version": "1.2.3",
      "resolved": "https://registry.npmjs.org/@begin/data/-/data-1.2.3.tgz",
      "integrity": "sha512-C6ITWRCbef2H2pIZ+PtYTES2d6gvhDnkhqg0rXW6FL1recjfASGpFtOcaohZ0vHuKxyFTSDnS1j3lAeC7AaCdg==",
      "requires": {
        "@architect/parser": "^2.1.5",
        "@begin/hashid": "^1.0.0",
        "run-parallel": "^1.1.9",
        "run-waterfall": "^1.1.6"
      }
    },
    "@begin/hashid": {
      "version": "1.0.0",
      "resolved": "https://registry.npmjs.org/@begin/hashid/-/hashid-1.0.0.tgz",
      "integrity": "sha512-w+U9klEtRkt7hyW/f+/SvwPgJ4CTMO2ENddisX9dGgLUZKu+iKpb/IhYnQWIt9/Nnm/5DkApmiHGimPs621wwA=="
    },
    "entities": {
      "version": "2.0.3",
      "resolved": "https://registry.npmjs.org/entities/-/entities-2.0.3.tgz",
      "integrity": "sha512-MyoZ0jgnLvB2X3Lg5HqpFmn1kybDiIfEQmKzTb5apr51Rb+T3KdmMiqa70T+bhGnyv7bQ6WMj2QMHpGMmlrUYQ=="
    },
    "mime-db": {
      "version": "1.25.0",
      "resolved": "https://registry.npmjs.org/mime-db/-/mime-db-1.25.0.tgz",
      "integrity": "sha1-wY29fHOl2/b0SgJNwNFloeexw5I="
    },
    "mime-types": {
      "version": "2.1.13",
      "resolved": "https://registry.npmjs.org/mime-types/-/mime-types-2.1.13.tgz",
      "integrity": "sha1-4HqqnGxrmnyjASxpADrSWjnpKog=",
      "requires": {
        "mime-db": "~1.25.0"
      }
    },
    "rss": {
      "version": "1.2.2",
      "resolved": "https://registry.npmjs.org/rss/-/rss-1.2.2.tgz",
      "integrity": "sha1-UKFpiHYTgTOnT5oF0r3I240nqSE=",
      "requires": {
        "mime-types": "2.1.13",
        "xml": "1.0.1"
      }
    },
    "rss-parser": {
      "version": "3.9.0",
      "resolved": "https://registry.npmjs.org/rss-parser/-/rss-parser-3.9.0.tgz",
      "integrity": "sha512-wlRSfGrotOXuWo19Dtl2KmQt7o9i5zzCExUrxpechE0O54BAx7JD+xhWyGumPPqiJj771ndflV3sE3bTHen0HQ==",
      "requires": {
        "entities": "^2.0.3",
        "xml2js": "^0.4.19"
      }
    },
    "run-parallel": {
      "version": "1.1.9",
      "resolved": "https://registry.npmjs.org/run-parallel/-/run-parallel-1.1.9.tgz",
      "integrity": "sha512-DEqnSRTDw/Tc3FXf49zedI638Z9onwUotBMiUFKmrO2sdFKIbXamXGQ3Axd4qgphxKB4kw/qP1w5kTxnfU1B9Q=="
    },
    "run-waterfall": {
      "version": "1.1.6",
      "resolved": "https://registry.npmjs.org/run-waterfall/-/run-waterfall-1.1.6.tgz",
      "integrity": "sha512-dApPbpIK0hbFi2zqfJxrsnfmJW2HCQHFrSsmqF3Fp9TKm5WVf++zE6BSw0hPcA7rPapO37h12Swk2E6Va3tF7Q=="
    },
    "sax": {
      "version": "1.2.4",
      "resolved": "https://registry.npmjs.org/sax/-/sax-1.2.4.tgz",
      "integrity": "sha512-NqVDv9TpANUjFm0N8uM5GxL36UgKi9/atZw+x7YFnQ8ckwFGKrl4xX4yWtrey3UJm5nP1kUbnYgLopqWNSRhWw=="
    },
    "xml": {
      "version": "1.0.1",
      "resolved": "https://registry.npmjs.org/xml/-/xml-1.0.1.tgz",
      "integrity": "sha1-eLpyAgApxbyHuKgaPPzXS0ovweU="
    },
    "xml2js": {
      "version": "0.4.23",
      "resolved": "https://registry.npmjs.org/xml2js/-/xml2js-0.4.23.tgz",
      "integrity": "sha512-ySPiMjM0+pLDftHgXY4By0uswI3SPKLDw/i3UXbnO8M/p28zqexCUoPmQFrYD+/1BzhGJSs2i1ERWKJAtiLrug==",
      "requires": {
        "sax": ">=0.6.0",
        "xmlbuilder": "~11.0.0"
      }
    },
    "xmlbuilder": {
      "version": "11.0.1",
      "resolved": "https://registry.npmjs.org/xmlbuilder/-/xmlbuilder-11.0.1.tgz",
      "integrity": "sha512-fDlsI/kFEx7gLvbecc0/ohLG50fugQp8ryHzMTuW9vSa1GJ0XYWKnhsUx7oie3G98+r56aTQIUB4kht42R3JvA=="
    }
  }
}
